// !$*UTF8*$!
{
	archiveVersion = 1;
	classes = {
	};
	objectVersion = 56;
	objects = {

/* Begin PBXBuildFile section */
		8CADA78B2A45D0BE0005490C /* Servers.framework in Frameworks */ = {isa = PBXBuildFile; fileRef = 8CADA7822A45D0BE0005490C /* Servers.framework */; };
		8CADA7902A45D0BE0005490C /* ServersTests.swift in Sources */ = {isa = PBXBuildFile; fileRef = 8CADA78F2A45D0BE0005490C /* ServersTests.swift */; };
		8CADA7912A45D0BE0005490C /* Servers.h in Headers */ = {isa = PBXBuildFile; fileRef = 8CADA7852A45D0BE0005490C /* Servers.h */; settings = {ATTRIBUTES = (Public, ); }; };
		8CD49CD12A4984BD0026F850 /* ServersList.swift in Sources */ = {isa = PBXBuildFile; fileRef = 8CD49CD02A4984BD0026F850 /* ServersList.swift */; };
		8CD49CD32A4984E70026F850 /* ServersListViewModel.swift in Sources */ = {isa = PBXBuildFile; fileRef = 8CD49CD22A4984E70026F850 /* ServersListViewModel.swift */; };
		8CD49CD62A4984FA0026F850 /* Common.framework in Frameworks */ = {isa = PBXBuildFile; fileRef = 8CD49CD52A4984FA0026F850 /* Common.framework */; };
		8CD49CD72A4984FA0026F850 /* Common.framework in Embed Frameworks */ = {isa = PBXBuildFile; fileRef = 8CD49CD52A4984FA0026F850 /* Common.framework */; settings = {ATTRIBUTES = (CodeSignOnCopy, RemoveHeadersOnCopy, ); }; };
		8CD49CDB2A4985440026F850 /* Server.swift in Sources */ = {isa = PBXBuildFile; fileRef = 8CD49CDA2A4985440026F850 /* Server.swift */; };
		8CD49CDF2A4992320026F850 /* ServersCoordinator.swift in Sources */ = {isa = PBXBuildFile; fileRef = 8CD49CDE2A4992320026F850 /* ServersCoordinator.swift */; };
		8CD49CE42A49C73F0026F850 /* ServersDataManager.swift in Sources */ = {isa = PBXBuildFile; fileRef = 8CD49CE32A49C73F0026F850 /* ServersDataManager.swift */; };
/* End PBXBuildFile section */

/* Begin PBXContainerItemProxy section */
		8CADA78C2A45D0BE0005490C /* PBXContainerItemProxy */ = {
			isa = PBXContainerItemProxy;
			containerPortal = 8CADA7792A45D0BE0005490C /* Project object */;
			proxyType = 1;
			remoteGlobalIDString = 8CADA7812A45D0BE0005490C;
			remoteInfo = Servers;
		};
/* End PBXContainerItemProxy section */

/* Begin PBXCopyFilesBuildPhase section */
		8CD49CD82A4984FA0026F850 /* Embed Frameworks */ = {
			isa = PBXCopyFilesBuildPhase;
			buildActionMask = 2147483647;
			dstPath = "";
			dstSubfolderSpec = 10;
			files = (
				8CD49CD72A4984FA0026F850 /* Common.framework in Embed Frameworks */,
			);
			name = "Embed Frameworks";
			runOnlyForDeploymentPostprocessing = 0;
		};
/* End PBXCopyFilesBuildPhase section */

/* Begin PBXFileReference section */
		8CADA7822A45D0BE0005490C /* Servers.framework */ = {isa = PBXFileReference; explicitFileType = wrapper.framework; includeInIndex = 0; path = Servers.framework; sourceTree = BUILT_PRODUCTS_DIR; };
		8CADA7852A45D0BE0005490C /* Servers.h */ = {isa = PBXFileReference; lastKnownFileType = sourcecode.c.h; path = Servers.h; sourceTree = "<group>"; };
		8CADA78A2A45D0BE0005490C /* ServersTests.xctest */ = {isa = PBXFileReference; explicitFileType = wrapper.cfbundle; includeInIndex = 0; path = ServersTests.xctest; sourceTree = BUILT_PRODUCTS_DIR; };
		8CADA78F2A45D0BE0005490C /* ServersTests.swift */ = {isa = PBXFileReference; lastKnownFileType = sourcecode.swift; path = ServersTests.swift; sourceTree = "<group>"; };
		8CD49CD02A4984BD0026F850 /* ServersList.swift */ = {isa = PBXFileReference; lastKnownFileType = sourcecode.swift; path = ServersList.swift; sourceTree = "<group>"; };
		8CD49CD22A4984E70026F850 /* ServersListViewModel.swift */ = {isa = PBXFileReference; lastKnownFileType = sourcecode.swift; path = ServersListViewModel.swift; sourceTree = "<group>"; };
		8CD49CD52A4984FA0026F850 /* Common.framework */ = {isa = PBXFileReference; explicitFileType = wrapper.framework; path = Common.framework; sourceTree = BUILT_PRODUCTS_DIR; };
		8CD49CDA2A4985440026F850 /* Server.swift */ = {isa = PBXFileReference; lastKnownFileType = sourcecode.swift; path = Server.swift; sourceTree = "<group>"; };
		8CD49CDE2A4992320026F850 /* ServersCoordinator.swift */ = {isa = PBXFileReference; lastKnownFileType = sourcecode.swift; path = ServersCoordinator.swift; sourceTree = "<group>"; };
		8CD49CE32A49C73F0026F850 /* ServersDataManager.swift */ = {isa = PBXFileReference; lastKnownFileType = sourcecode.swift; path = ServersDataManager.swift; sourceTree = "<group>"; };
/* End PBXFileReference section */

/* Begin PBXFrameworksBuildPhase section */
		8CADA77F2A45D0BE0005490C /* Frameworks */ = {
			isa = PBXFrameworksBuildPhase;
			buildActionMask = 2147483647;
			files = (
				8CD49CD62A4984FA0026F850 /* Common.framework in Frameworks */,
			);
			runOnlyForDeploymentPostprocessing = 0;
		};
		8CADA7872A45D0BE0005490C /* Frameworks */ = {
			isa = PBXFrameworksBuildPhase;
			buildActionMask = 2147483647;
			files = (
				8CADA78B2A45D0BE0005490C /* Servers.framework in Frameworks */,
			);
			runOnlyForDeploymentPostprocessing = 0;
		};
/* End PBXFrameworksBuildPhase section */

/* Begin PBXGroup section */
		8CADA7782A45D0BE0005490C = {
			isa = PBXGroup;
			children = (
				8CADA7842A45D0BE0005490C /* Servers */,
				8CADA78E2A45D0BE0005490C /* ServersTests */,
				8CADA7832A45D0BE0005490C /* Products */,
				8CD49CD42A4984FA0026F850 /* Frameworks */,
			);
			sourceTree = "<group>";
		};
		8CADA7832A45D0BE0005490C /* Products */ = {
			isa = PBXGroup;
			children = (
				8CADA7822A45D0BE0005490C /* Servers.framework */,
				8CADA78A2A45D0BE0005490C /* ServersTests.xctest */,
			);
			name = Products;
			sourceTree = "<group>";
		};
		8CADA7842A45D0BE0005490C /* Servers */ = {
			isa = PBXGroup;
			children = (
				8CD49CD92A49853C0026F850 /* Model */,
				8CD49CCF2A4984AD0026F850 /* List */,
				8CADA7852A45D0BE0005490C /* Servers.h */,
				8CD49CDE2A4992320026F850 /* ServersCoordinator.swift */,
				8CD49CE32A49C73F0026F850 /* ServersDataManager.swift */,
			);
			path = Servers;
			sourceTree = "<group>";
		};
		8CADA78E2A45D0BE0005490C /* ServersTests */ = {
			isa = PBXGroup;
			children = (
				8CADA78F2A45D0BE0005490C /* ServersTests.swift */,
			);
			path = ServersTests;
			sourceTree = "<group>";
		};
		8CD49CCF2A4984AD0026F850 /* List */ = {
			isa = PBXGroup;
			children = (
				8CD49CD02A4984BD0026F850 /* ServersList.swift */,
				8CD49CD22A4984E70026F850 /* ServersListViewModel.swift */,
			);
			path = List;
			sourceTree = "<group>";
		};
		8CD49CD42A4984FA0026F850 /* Frameworks */ = {
			isa = PBXGroup;
			children = (
				8CD49CD52A4984FA0026F850 /* Common.framework */,
			);
			name = Frameworks;
			sourceTree = "<group>";
		};
		8CD49CD92A49853C0026F850 /* Model */ = {
			isa = PBXGroup;
			children = (
				8CD49CDA2A4985440026F850 /* Server.swift */,
			);
			path = Model;
			sourceTree = "<group>";
		};
/* End PBXGroup section */

/* Begin PBXHeadersBuildPhase section */
		8CADA77D2A45D0BE0005490C /* Headers */ = {
			isa = PBXHeadersBuildPhase;
			buildActionMask = 2147483647;
			files = (
				8CADA7912A45D0BE0005490C /* Servers.h in Headers */,
			);
			runOnlyForDeploymentPostprocessing = 0;
		};
/* End PBXHeadersBuildPhase section */

/* Begin PBXNativeTarget section */
		8CADA7812A45D0BE0005490C /* Servers */ = {
			isa = PBXNativeTarget;
			buildConfigurationList = 8CADA7942A45D0BE0005490C /* Build configuration list for PBXNativeTarget "Servers" */;
			buildPhases = (
				8CADA77D2A45D0BE0005490C /* Headers */,
				8CADA77E2A45D0BE0005490C /* Sources */,
				8CADA77F2A45D0BE0005490C /* Frameworks */,
				8CADA7802A45D0BE0005490C /* Resources */,
				8CD49CD82A4984FA0026F850 /* Embed Frameworks */,
			);
			buildRules = (
			);
			dependencies = (
			);
			name = Servers;
			productName = Servers;
			productReference = 8CADA7822A45D0BE0005490C /* Servers.framework */;
			productType = "com.apple.product-type.framework";
		};
		8CADA7892A45D0BE0005490C /* ServersTests */ = {
			isa = PBXNativeTarget;
			buildConfigurationList = 8CADA7972A45D0BE0005490C /* Build configuration list for PBXNativeTarget "ServersTests" */;
			buildPhases = (
				8CADA7862A45D0BE0005490C /* Sources */,
				8CADA7872A45D0BE0005490C /* Frameworks */,
				8CADA7882A45D0BE0005490C /* Resources */,
			);
			buildRules = (
			);
			dependencies = (
				8CADA78D2A45D0BE0005490C /* PBXTargetDependency */,
			);
			name = ServersTests;
			productName = ServersTests;
			productReference = 8CADA78A2A45D0BE0005490C /* ServersTests.xctest */;
			productType = "com.apple.product-type.bundle.unit-test";
		};
/* End PBXNativeTarget section */

/* Begin PBXProject section */
		8CADA7792A45D0BE0005490C /* Project object */ = {
			isa = PBXProject;
			attributes = {
				BuildIndependentTargetsInParallel = 1;
				LastSwiftUpdateCheck = 1430;
				LastUpgradeCheck = 1430;
				TargetAttributes = {
					8CADA7812A45D0BE0005490C = {
						CreatedOnToolsVersion = 14.3.1;
						LastSwiftMigration = 1430;
					};
					8CADA7892A45D0BE0005490C = {
						CreatedOnToolsVersion = 14.3.1;
					};
				};
			};
			buildConfigurationList = 8CADA77C2A45D0BE0005490C /* Build configuration list for PBXProject "Servers" */;
			compatibilityVersion = "Xcode 14.0";
			developmentRegion = en;
			hasScannedForEncodings = 0;
			knownRegions = (
				en,
				Base,
			);
			mainGroup = 8CADA7782A45D0BE0005490C;
			productRefGroup = 8CADA7832A45D0BE0005490C /* Products */;
			projectDirPath = "";
			projectRoot = "";
			targets = (
				8CADA7812A45D0BE0005490C /* Servers */,
				8CADA7892A45D0BE0005490C /* ServersTests */,
			);
		};
/* End PBXProject section */

/* Begin PBXResourcesBuildPhase section */
		8CADA7802A45D0BE0005490C /* Resources */ = {
			isa = PBXResourcesBuildPhase;
			buildActionMask = 2147483647;
			files = (
			);
			runOnlyForDeploymentPostprocessing = 0;
		};
		8CADA7882A45D0BE0005490C /* Resources */ = {
			isa = PBXResourcesBuildPhase;
			buildActionMask = 2147483647;
			files = (
			);
			runOnlyForDeploymentPostprocessing = 0;
		};
/* End PBXResourcesBuildPhase section */

/* Begin PBXSourcesBuildPhase section */
		8CADA77E2A45D0BE0005490C /* Sources */ = {
			isa = PBXSourcesBuildPhase;
			buildActionMask = 2147483647;
			files = (
				8CD49CD12A4984BD0026F850 /* ServersList.swift in Sources */,
				8CD49CDF2A4992320026F850 /* ServersCoordinator.swift in Sources */,
				8CD49CDB2A4985440026F850 /* Server.swift in Sources */,
				8CD49CD32A4984E70026F850 /* ServersListViewModel.swift in Sources */,
				8CD49CE42A49C73F0026F850 /* ServersDataManager.swift in Sources */,
			);
			runOnlyForDeploymentPostprocessing = 0;
		};
		8CADA7862A45D0BE0005490C /* Sources */ = {
			isa = PBXSourcesBuildPhase;
			buildActionMask = 2147483647;
			files = (
				8CADA7902A45D0BE0005490C /* ServersTests.swift in Sources */,
			);
			runOnlyForDeploymentPostprocessing = 0;
		};
/* End PBXSourcesBuildPhase section */

/* Begin PBXTargetDependency section */
		8CADA78D2A45D0BE0005490C /* PBXTargetDependency */ = {
			isa = PBXTargetDependency;
			target = 8CADA7812A45D0BE0005490C /* Servers */;
			targetProxy = 8CADA78C2A45D0BE0005490C /* PBXContainerItemProxy */;
		};
/* End PBXTargetDependency section */

/* Begin XCBuildConfiguration section */
		8CADA7922A45D0BE0005490C /* Debug */ = {
			isa = XCBuildConfiguration;
			buildSettings = {
				ALWAYS_SEARCH_USER_PATHS = NO;
				CLANG_ANALYZER_NONNULL = YES;
				CLANG_ANALYZER_NUMBER_OBJECT_CONVERSION = YES_AGGRESSIVE;
				CLANG_CXX_LANGUAGE_STANDARD = "gnu++20";
				CLANG_ENABLE_MODULES = YES;
				CLANG_ENABLE_OBJC_ARC = YES;
				CLANG_ENABLE_OBJC_WEAK = YES;
				CLANG_WARN_BLOCK_CAPTURE_AUTORELEASING = YES;
				CLANG_WARN_BOOL_CONVERSION = YES;
				CLANG_WARN_COMMA = YES;
				CLANG_WARN_CONSTANT_CONVERSION = YES;
				CLANG_WARN_DEPRECATED_OBJC_IMPLEMENTATIONS = YES;
				CLANG_WARN_DIRECT_OBJC_ISA_USAGE = YES_ERROR;
				CLANG_WARN_DOCUMENTATION_COMMENTS = YES;
				CLANG_WARN_EMPTY_BODY = YES;
				CLANG_WARN_ENUM_CONVERSION = YES;
				CLANG_WARN_INFINITE_RECURSION = YES;
				CLANG_WARN_INT_CONVERSION = YES;
				CLANG_WARN_NON_LITERAL_NULL_CONVERSION = YES;
				CLANG_WARN_OBJC_IMPLICIT_RETAIN_SELF = YES;
				CLANG_WARN_OBJC_LITERAL_CONVERSION = YES;
				CLANG_WARN_OBJC_ROOT_CLASS = YES_ERROR;
				CLANG_WARN_QUOTED_INCLUDE_IN_FRAMEWORK_HEADER = YES;
				CLANG_WARN_RANGE_LOOP_ANALYSIS = YES;
				CLANG_WARN_STRICT_PROTOTYPES = YES;
				CLANG_WARN_SUSPICIOUS_MOVE = YES;
				CLANG_WARN_UNGUARDED_AVAILABILITY = YES_AGGRESSIVE;
				CLANG_WARN_UNREACHABLE_CODE = YES;
				CLANG_WARN__DUPLICATE_METHOD_MATCH = YES;
				COPY_PHASE_STRIP = NO;
				CURRENT_PROJECT_VERSION = 1;
				DEBUG_INFORMATION_FORMAT = dwarf;
				ENABLE_STRICT_OBJC_MSGSEND = YES;
				ENABLE_TESTABILITY = YES;
				GCC_C_LANGUAGE_STANDARD = gnu11;
				GCC_DYNAMIC_NO_PIC = NO;
				GCC_NO_COMMON_BLOCKS = YES;
				GCC_OPTIMIZATION_LEVEL = 0;
				GCC_PREPROCESSOR_DEFINITIONS = (
					"DEBUG=1",
					"$(inherited)",
				);
				GCC_WARN_64_TO_32_BIT_CONVERSION = YES;
				GCC_WARN_ABOUT_RETURN_TYPE = YES_ERROR;
				GCC_WARN_UNDECLARED_SELECTOR = YES;
				GCC_WARN_UNINITIALIZED_AUTOS = YES_AGGRESSIVE;
				GCC_WARN_UNUSED_FUNCTION = YES;
				GCC_WARN_UNUSED_VARIABLE = YES;
				IPHONEOS_DEPLOYMENT_TARGET = 15.0;
				MTL_ENABLE_DEBUG_INFO = INCLUDE_SOURCE;
				MTL_FAST_MATH = YES;
				ONLY_ACTIVE_ARCH = YES;
				SDKROOT = iphoneos;
				SWIFT_ACTIVE_COMPILATION_CONDITIONS = DEBUG;
				SWIFT_OPTIMIZATION_LEVEL = "-Onone";
				VERSIONING_SYSTEM = "apple-generic";
				VERSION_INFO_PREFIX = "";
			};
			name = Debug;
		};
		8CADA7932A45D0BE0005490C /* Release */ = {
			isa = XCBuildConfiguration;
			buildSettings = {
				ALWAYS_SEARCH_USER_PATHS = NO;
				CLANG_ANALYZER_NONNULL = YES;
				CLANG_ANALYZER_NUMBER_OBJECT_CONVERSION = YES_AGGRESSIVE;
				CLANG_CXX_LANGUAGE_STANDARD = "gnu++20";
				CLANG_ENABLE_MODULES = YES;
				CLANG_ENABLE_OBJC_ARC = YES;
				CLANG_ENABLE_OBJC_WEAK = YES;
				CLANG_WARN_BLOCK_CAPTURE_AUTORELEASING = YES;
				CLANG_WARN_BOOL_CONVERSION = YES;
				CLANG_WARN_COMMA = YES;
				CLANG_WARN_CONSTANT_CONVERSION = YES;
				CLANG_WARN_DEPRECATED_OBJC_IMPLEMENTATIONS = YES;
				CLANG_WARN_DIRECT_OBJC_ISA_USAGE = YES_ERROR;
				CLANG_WARN_DOCUMENTATION_COMMENTS = YES;
				CLANG_WARN_EMPTY_BODY = YES;
				CLANG_WARN_ENUM_CONVERSION = YES;
				CLANG_WARN_INFINITE_RECURSION = YES;
				CLANG_WARN_INT_CONVERSION = YES;
				CLANG_WARN_NON_LITERAL_NULL_CONVERSION = YES;
				CLANG_WARN_OBJC_IMPLICIT_RETAIN_SELF = YES;
				CLANG_WARN_OBJC_LITERAL_CONVERSION = YES;
				CLANG_WARN_OBJC_ROOT_CLASS = YES_ERROR;
				CLANG_WARN_QUOTED_INCLUDE_IN_FRAMEWORK_HEADER = YES;
				CLANG_WARN_RANGE_LOOP_ANALYSIS = YES;
				CLANG_WARN_STRICT_PROTOTYPES = YES;
				CLANG_WARN_SUSPICIOUS_MOVE = YES;
				CLANG_WARN_UNGUARDED_AVAILABILITY = YES_AGGRESSIVE;
				CLANG_WARN_UNREACHABLE_CODE = YES;
				CLANG_WARN__DUPLICATE_METHOD_MATCH = YES;
				COPY_PHASE_STRIP = NO;
				CURRENT_PROJECT_VERSION = 1;
				DEBUG_INFORMATION_FORMAT = "dwarf-with-dsym";
				ENABLE_NS_ASSERTIONS = NO;
				ENABLE_STRICT_OBJC_MSGSEND = YES;
				GCC_C_LANGUAGE_STANDARD = gnu11;
				GCC_NO_COMMON_BLOCKS = YES;
				GCC_WARN_64_TO_32_BIT_CONVERSION = YES;
				GCC_WARN_ABOUT_RETURN_TYPE = YES_ERROR;
				GCC_WARN_UNDECLARED_SELECTOR = YES;
				GCC_WARN_UNINITIALIZED_AUTOS = YES_AGGRESSIVE;
				GCC_WARN_UNUSED_FUNCTION = YES;
				GCC_WARN_UNUSED_VARIABLE = YES;
				IPHONEOS_DEPLOYMENT_TARGET = 15.0;
				MTL_ENABLE_DEBUG_INFO = NO;
				MTL_FAST_MATH = YES;
				SDKROOT = iphoneos;
				SWIFT_COMPILATION_MODE = wholemodule;
				SWIFT_OPTIMIZATION_LEVEL = "-O";
				VALIDATE_PRODUCT = YES;
				VERSIONING_SYSTEM = "apple-generic";
				VERSION_INFO_PREFIX = "";
			};
			name = Release;
		};
		8CADA7952A45D0BE0005490C /* Debug */ = {
			isa = XCBuildConfiguration;
			buildSettings = {
				CLANG_ENABLE_MODULES = YES;
				CODE_SIGN_STYLE = Automatic;
				CURRENT_PROJECT_VERSION = 1;
				DEFINES_MODULE = YES;
				DYLIB_COMPATIBILITY_VERSION = 1;
				DYLIB_CURRENT_VERSION = 1;
				DYLIB_INSTALL_NAME_BASE = "@rpath";
				ENABLE_MODULE_VERIFIER = YES;
				GENERATE_INFOPLIST_FILE = YES;
				INFOPLIST_KEY_NSHumanReadableCopyright = "";
				INSTALL_PATH = "$(LOCAL_LIBRARY_DIR)/Frameworks";
				LD_RUNPATH_SEARCH_PATHS = (
					"$(inherited)",
					"@executable_path/Frameworks",
					"@loader_path/Frameworks",
				);
				MARKETING_VERSION = 1.0;
				MODULE_VERIFIER_SUPPORTED_LANGUAGES = "objective-c objective-c++";
				MODULE_VERIFIER_SUPPORTED_LANGUAGE_STANDARDS = "gnu11 gnu++20";
				PRODUCT_BUNDLE_IDENTIFIER = com.jw.Servers;
				PRODUCT_NAME = "$(TARGET_NAME:c99extidentifier)";
				SKIP_INSTALL = YES;
				SWIFT_EMIT_LOC_STRINGS = YES;
				SWIFT_OPTIMIZATION_LEVEL = "-Onone";
				SWIFT_VERSION = 5.0;
				TARGETED_DEVICE_FAMILY = "1,2";
			};
			name = Debug;
		};
		8CADA7962A45D0BE0005490C /* Release */ = {
			isa = XCBuildConfiguration;
			buildSettings = {
				CLANG_ENABLE_MODULES = YES;
				CODE_SIGN_STYLE = Automatic;
				CURRENT_PROJECT_VERSION = 1;
				DEFINES_MODULE = YES;
				DYLIB_COMPATIBILITY_VERSION = 1;
				DYLIB_CURRENT_VERSION = 1;
				DYLIB_INSTALL_NAME_BASE = "@rpath";
				ENABLE_MODULE_VERIFIER = YES;
				GENERATE_INFOPLIST_FILE = YES;
				INFOPLIST_KEY_NSHumanReadableCopyright = "";
				INSTALL_PATH = "$(LOCAL_LIBRARY_DIR)/Frameworks";
				LD_RUNPATH_SEARCH_PATHS = (
					"$(inherited)",
					"@executable_path/Frameworks",
					"@loader_path/Frameworks",
				);
				MARKETING_VERSION = 1.0;
				MODULE_VERIFIER_SUPPORTED_LANGUAGES = "objective-c objective-c++";
				MODULE_VERIFIER_SUPPORTED_LANGUAGE_STANDARDS = "gnu11 gnu++20";
				PRODUCT_BUNDLE_IDENTIFIER = com.jw.Servers;
				PRODUCT_NAME = "$(TARGET_NAME:c99extidentifier)";
				SKIP_INSTALL = YES;
				SWIFT_EMIT_LOC_STRINGS = YES;
				SWIFT_VERSION = 5.0;
				TARGETED_DEVICE_FAMILY = "1,2";
			};
			name = Release;
		};
		8CADA7982A45D0BE0005490C /* Debug */ = {
			isa = XCBuildConfiguration;
			buildSettings = {
				ALWAYS_EMBED_SWIFT_STANDARD_LIBRARIES = YES;
				CODE_SIGN_STYLE = Automatic;
				CURRENT_PROJECT_VERSION = 1;
				GENERATE_INFOPLIST_FILE = YES;
				MARKETING_VERSION = 1.0;
				PRODUCT_BUNDLE_IDENTIFIER = com.jw.ServersTests;
				PRODUCT_NAME = "$(TARGET_NAME)";
				SWIFT_EMIT_LOC_STRINGS = NO;
				SWIFT_VERSION = 5.0;
				TARGETED_DEVICE_FAMILY = "1,2";
			};
			name = Debug;
		};
		8CADA7992A45D0BE0005490C /* Release */ = {
			isa = XCBuildConfiguration;
			buildSettings = {
				ALWAYS_EMBED_SWIFT_STANDARD_LIBRARIES = YES;
				CODE_SIGN_STYLE = Automatic;
				CURRENT_PROJECT_VERSION = 1;
				GENERATE_INFOPLIST_FILE = YES;
				MARKETING_VERSION = 1.0;
				PRODUCT_BUNDLE_IDENTIFIER = com.jw.ServersTests;
				PRODUCT_NAME = "$(TARGET_NAME)";
				SWIFT_EMIT_LOC_STRINGS = NO;
				SWIFT_VERSION = 5.0;
				TARGETED_DEVICE_FAMILY = "1,2";
			};
			name = Release;
		};
/* End XCBuildConfiguration section */

/* Begin XCConfigurationList section */
		8CADA77C2A45D0BE0005490C /* Build configuration list for PBXProject "Servers" */ = {
			isa = XCConfigurationList;
			buildConfigurations = (
				8CADA7922A45D0BE0005490C /* Debug */,
				8CADA7932A45D0BE0005490C /* Release */,
			);
			defaultConfigurationIsVisible = 0;
			defaultConfigurationName = Release;
		};
		8CADA7942A45D0BE0005490C /* Build configuration list for PBXNativeTarget "Servers" */ = {
			isa = XCConfigurationList;
			buildConfigurations = (
				8CADA7952A45D0BE0005490C /* Debug */,
				8CADA7962A45D0BE0005490C /* Release */,
			);
			defaultConfigurationIsVisible = 0;
			defaultConfigurationName = Release;
		};
		8CADA7972A45D0BE0005490C /* Build configuration list for PBXNativeTarget "ServersTests" */ = {
			isa = XCConfigurationList;
			buildConfigurations = (
				8CADA7982A45D0BE0005490C /* Debug */,
				8CADA7992A45D0BE0005490C /* Release */,
			);
			defaultConfigurationIsVisible = 0;
			defaultConfigurationName = Release;
		};
/* End XCConfigurationList section */
	};
	rootObject = 8CADA7792A45D0BE0005490C /* Project object */;
}
