// !$*UTF8*$!
{
	archiveVersion = 1;
	classes = {
	};
	objectVersion = 56;
	objects = {

/* Begin PBXBuildFile section */
		8C5087652A4B80B200F8689E /* Frameworks.framework in Frameworks */ = {isa = PBXBuildFile; fileRef = 8C5087642A4B80B200F8689E /* Frameworks.framework */; };
		8CADA7252A45D0880005490C /* Common.framework in Frameworks */ = {isa = PBXBuildFile; fileRef = 8CADA71C2A45D0880005490C /* Common.framework */; };
		8CADA72A2A45D0880005490C /* CommonTests.swift in Sources */ = {isa = PBXBuildFile; fileRef = 8CADA7292A45D0880005490C /* CommonTests.swift */; };
		8CADA72B2A45D0880005490C /* Common.h in Headers */ = {isa = PBXBuildFile; fileRef = 8CADA71F2A45D0880005490C /* Common.h */; settings = {ATTRIBUTES = (Public, ); }; };
		8CADA81C2A45D2E10005490C /* Config.swift in Sources */ = {isa = PBXBuildFile; fileRef = 8CADA81B2A45D2E10005490C /* Config.swift */; };
		8CADA8282A45D3A80005490C /* SLApplication.swift in Sources */ = {isa = PBXBuildFile; fileRef = 8CADA8272A45D3A80005490C /* SLApplication.swift */; };
		8CADA82A2A45D4C90005490C /* Network.swift in Sources */ = {isa = PBXBuildFile; fileRef = 8CADA8292A45D4C90005490C /* Network.swift */; };
		8CC231D72A49DA68000D559E /* KeychainStringStorage.swift in Sources */ = {isa = PBXBuildFile; fileRef = 8CC231D62A49DA68000D559E /* KeychainStringStorage.swift */; };
		8CD49CC02A496FB30026F850 /* ViewModelFactory.swift in Sources */ = {isa = PBXBuildFile; fileRef = 8CD49CBF2A496FB30026F850 /* ViewModelFactory.swift */; };
		8CD49CC42A49745F0026F850 /* Coordinator.swift in Sources */ = {isa = PBXBuildFile; fileRef = 8CD49CC32A49745F0026F850 /* Coordinator.swift */; };
		8CD49CE22A49BF030026F850 /* CodableStorage.swift in Sources */ = {isa = PBXBuildFile; fileRef = 8CD49CE12A49BF030026F850 /* CodableStorage.swift */; };
/* End PBXBuildFile section */

/* Begin PBXContainerItemProxy section */
		8CADA7262A45D0880005490C /* PBXContainerItemProxy */ = {
			isa = PBXContainerItemProxy;
			containerPortal = 8CADA7132A45D0880005490C /* Project object */;
			proxyType = 1;
			remoteGlobalIDString = 8CADA71B2A45D0880005490C;
			remoteInfo = Common;
		};
/* End PBXContainerItemProxy section */

/* Begin PBXFileReference section */
		8C5087642A4B80B200F8689E /* Frameworks.framework */ = {isa = PBXFileReference; explicitFileType = wrapper.framework; path = Frameworks.framework; sourceTree = BUILT_PRODUCTS_DIR; };
		8CADA71C2A45D0880005490C /* Common.framework */ = {isa = PBXFileReference; explicitFileType = wrapper.framework; includeInIndex = 0; path = Common.framework; sourceTree = BUILT_PRODUCTS_DIR; };
		8CADA71F2A45D0880005490C /* Common.h */ = {isa = PBXFileReference; lastKnownFileType = sourcecode.c.h; path = Common.h; sourceTree = "<group>"; };
		8CADA7242A45D0880005490C /* CommonTests.xctest */ = {isa = PBXFileReference; explicitFileType = wrapper.cfbundle; includeInIndex = 0; path = CommonTests.xctest; sourceTree = BUILT_PRODUCTS_DIR; };
		8CADA7292A45D0880005490C /* CommonTests.swift */ = {isa = PBXFileReference; lastKnownFileType = sourcecode.swift; path = CommonTests.swift; sourceTree = "<group>"; };
		8CADA81B2A45D2E10005490C /* Config.swift */ = {isa = PBXFileReference; lastKnownFileType = sourcecode.swift; path = Config.swift; sourceTree = "<group>"; };
		8CADA8272A45D3A80005490C /* SLApplication.swift */ = {isa = PBXFileReference; lastKnownFileType = sourcecode.swift; path = SLApplication.swift; sourceTree = "<group>"; };
		8CADA8292A45D4C90005490C /* Network.swift */ = {isa = PBXFileReference; lastKnownFileType = sourcecode.swift; path = Network.swift; sourceTree = "<group>"; };
		8CC231D62A49DA68000D559E /* KeychainStringStorage.swift */ = {isa = PBXFileReference; lastKnownFileType = sourcecode.swift; path = KeychainStringStorage.swift; sourceTree = "<group>"; };
		8CD49CBF2A496FB30026F850 /* ViewModelFactory.swift */ = {isa = PBXFileReference; lastKnownFileType = sourcecode.swift; path = ViewModelFactory.swift; sourceTree = "<group>"; };
		8CD49CC32A49745F0026F850 /* Coordinator.swift */ = {isa = PBXFileReference; lastKnownFileType = sourcecode.swift; path = Coordinator.swift; sourceTree = "<group>"; };
		8CD49CE12A49BF030026F850 /* CodableStorage.swift */ = {isa = PBXFileReference; lastKnownFileType = sourcecode.swift; path = CodableStorage.swift; sourceTree = "<group>"; };
/* End PBXFileReference section */

/* Begin PBXFrameworksBuildPhase section */
		8CADA7192A45D0880005490C /* Frameworks */ = {
			isa = PBXFrameworksBuildPhase;
			buildActionMask = 2147483647;
			files = (
				8C5087652A4B80B200F8689E /* Frameworks.framework in Frameworks */,
			);
			runOnlyForDeploymentPostprocessing = 0;
		};
		8CADA7212A45D0880005490C /* Frameworks */ = {
			isa = PBXFrameworksBuildPhase;
			buildActionMask = 2147483647;
			files = (
				8CADA7252A45D0880005490C /* Common.framework in Frameworks */,
			);
			runOnlyForDeploymentPostprocessing = 0;
		};
/* End PBXFrameworksBuildPhase section */

/* Begin PBXGroup section */
		8C5087632A4B80B200F8689E /* Frameworks */ = {
			isa = PBXGroup;
			children = (
				8C5087642A4B80B200F8689E /* Frameworks.framework */,
			);
			name = Frameworks;
			sourceTree = "<group>";
		};
		8CADA7122A45D0880005490C = {
			isa = PBXGroup;
			children = (
				8CADA71E2A45D0880005490C /* Common */,
				8CADA7282A45D0880005490C /* CommonTests */,
				8CADA71D2A45D0880005490C /* Products */,
				8C5087632A4B80B200F8689E /* Frameworks */,
			);
			sourceTree = "<group>";
		};
		8CADA71D2A45D0880005490C /* Products */ = {
			isa = PBXGroup;
			children = (
				8CADA71C2A45D0880005490C /* Common.framework */,
				8CADA7242A45D0880005490C /* CommonTests.xctest */,
			);
			name = Products;
			sourceTree = "<group>";
		};
		8CADA71E2A45D0880005490C /* Common */ = {
			isa = PBXGroup;
			children = (
				8CD49CE02A49BEF90026F850 /* Storage */,
				8CADA80C2A45D2100005490C /* Network */,
				8CADA71F2A45D0880005490C /* Common.h */,
				8CADA81B2A45D2E10005490C /* Config.swift */,
				8CADA8272A45D3A80005490C /* SLApplication.swift */,
				8CD49CBF2A496FB30026F850 /* ViewModelFactory.swift */,
				8CD49CC32A49745F0026F850 /* Coordinator.swift */,
			);
			path = Common;
			sourceTree = "<group>";
		};
		8CADA7282A45D0880005490C /* CommonTests */ = {
			isa = PBXGroup;
			children = (
				8CADA7292A45D0880005490C /* CommonTests.swift */,
			);
			path = CommonTests;
			sourceTree = "<group>";
		};
		8CADA80C2A45D2100005490C /* Network */ = {
			isa = PBXGroup;
			children = (
				8CADA8292A45D4C90005490C /* Network.swift */,
			);
			path = Network;
			sourceTree = "<group>";
		};
		8CD49CE02A49BEF90026F850 /* Storage */ = {
			isa = PBXGroup;
			children = (
				8CD49CE12A49BF030026F850 /* CodableStorage.swift */,
				8CC231D62A49DA68000D559E /* KeychainStringStorage.swift */,
			);
			path = Storage;
			sourceTree = "<group>";
		};
/* End PBXGroup section */

/* Begin PBXHeadersBuildPhase section */
		8CADA7172A45D0880005490C /* Headers */ = {
			isa = PBXHeadersBuildPhase;
			buildActionMask = 2147483647;
			files = (
				8CADA72B2A45D0880005490C /* Common.h in Headers */,
			);
			runOnlyForDeploymentPostprocessing = 0;
		};
/* End PBXHeadersBuildPhase section */

/* Begin PBXNativeTarget section */
		8CADA71B2A45D0880005490C /* Common */ = {
			isa = PBXNativeTarget;
			buildConfigurationList = 8CADA72E2A45D0880005490C /* Build configuration list for PBXNativeTarget "Common" */;
			buildPhases = (
				8CADA7172A45D0880005490C /* Headers */,
				8CADA7182A45D0880005490C /* Sources */,
				8CADA7192A45D0880005490C /* Frameworks */,
				8CADA71A2A45D0880005490C /* Resources */,
			);
			buildRules = (
			);
			dependencies = (
			);
			name = Common;
			productName = Common;
			productReference = 8CADA71C2A45D0880005490C /* Common.framework */;
			productType = "com.apple.product-type.framework";
		};
		8CADA7232A45D0880005490C /* CommonTests */ = {
			isa = PBXNativeTarget;
			buildConfigurationList = 8CADA7312A45D0880005490C /* Build configuration list for PBXNativeTarget "CommonTests" */;
			buildPhases = (
				8CADA7202A45D0880005490C /* Sources */,
				8CADA7212A45D0880005490C /* Frameworks */,
				8CADA7222A45D0880005490C /* Resources */,
			);
			buildRules = (
			);
			dependencies = (
				8CADA7272A45D0880005490C /* PBXTargetDependency */,
			);
			name = CommonTests;
			productName = CommonTests;
			productReference = 8CADA7242A45D0880005490C /* CommonTests.xctest */;
			productType = "com.apple.product-type.bundle.unit-test";
		};
/* End PBXNativeTarget section */

/* Begin PBXProject section */
		8CADA7132A45D0880005490C /* Project object */ = {
			isa = PBXProject;
			attributes = {
				BuildIndependentTargetsInParallel = 1;
				LastSwiftUpdateCheck = 1430;
				LastUpgradeCheck = 1430;
				TargetAttributes = {
					8CADA71B2A45D0880005490C = {
						CreatedOnToolsVersion = 14.3.1;
						LastSwiftMigration = 1430;
					};
					8CADA7232A45D0880005490C = {
						CreatedOnToolsVersion = 14.3.1;
					};
				};
			};
			buildConfigurationList = 8CADA7162A45D0880005490C /* Build configuration list for PBXProject "Common" */;
			compatibilityVersion = "Xcode 14.0";
			developmentRegion = en;
			hasScannedForEncodings = 0;
			knownRegions = (
				en,
				Base,
			);
			mainGroup = 8CADA7122A45D0880005490C;
			productRefGroup = 8CADA71D2A45D0880005490C /* Products */;
			projectDirPath = "";
			projectRoot = "";
			targets = (
				8CADA71B2A45D0880005490C /* Common */,
				8CADA7232A45D0880005490C /* CommonTests */,
			);
		};
/* End PBXProject section */

/* Begin PBXResourcesBuildPhase section */
		8CADA71A2A45D0880005490C /* Resources */ = {
			isa = PBXResourcesBuildPhase;
			buildActionMask = 2147483647;
			files = (
			);
			runOnlyForDeploymentPostprocessing = 0;
		};
		8CADA7222A45D0880005490C /* Resources */ = {
			isa = PBXResourcesBuildPhase;
			buildActionMask = 2147483647;
			files = (
			);
			runOnlyForDeploymentPostprocessing = 0;
		};
/* End PBXResourcesBuildPhase section */

/* Begin PBXSourcesBuildPhase section */
		8CADA7182A45D0880005490C /* Sources */ = {
			isa = PBXSourcesBuildPhase;
			buildActionMask = 2147483647;
			files = (
				8CD49CC02A496FB30026F850 /* ViewModelFactory.swift in Sources */,
				8CADA81C2A45D2E10005490C /* Config.swift in Sources */,
				8CC231D72A49DA68000D559E /* KeychainStringStorage.swift in Sources */,
				8CD49CC42A49745F0026F850 /* Coordinator.swift in Sources */,
				8CADA8282A45D3A80005490C /* SLApplication.swift in Sources */,
				8CD49CE22A49BF030026F850 /* CodableStorage.swift in Sources */,
				8CADA82A2A45D4C90005490C /* Network.swift in Sources */,
			);
			runOnlyForDeploymentPostprocessing = 0;
		};
		8CADA7202A45D0880005490C /* Sources */ = {
			isa = PBXSourcesBuildPhase;
			buildActionMask = 2147483647;
			files = (
				8CADA72A2A45D0880005490C /* CommonTests.swift in Sources */,
			);
			runOnlyForDeploymentPostprocessing = 0;
		};
/* End PBXSourcesBuildPhase section */

/* Begin PBXTargetDependency section */
		8CADA7272A45D0880005490C /* PBXTargetDependency */ = {
			isa = PBXTargetDependency;
			target = 8CADA71B2A45D0880005490C /* Common */;
			targetProxy = 8CADA7262A45D0880005490C /* PBXContainerItemProxy */;
		};
/* End PBXTargetDependency section */

/* Begin XCBuildConfiguration section */
		8CADA72C2A45D0880005490C /* Debug */ = {
			isa = XCBuildConfiguration;
			buildSettings = {
				ALWAYS_SEARCH_USER_PATHS = NO;
				CLANG_ANALYZER_NONNULL = YES;
				CLANG_ANALYZER_NUMBER_OBJECT_CONVERSION = YES_AGGRESSIVE;
				CLANG_CXX_LANGUAGE_STANDARD = "gnu++20";
				CLANG_ENABLE_MODULES = YES;
				CLANG_ENABLE_OBJC_ARC = YES;
				CLANG_ENABLE_OBJC_WEAK = YES;
				CLANG_WARN_BLOCK_CAPTURE_AUTORELEASING = YES;
				CLANG_WARN_BOOL_CONVERSION = YES;
				CLANG_WARN_COMMA = YES;
				CLANG_WARN_CONSTANT_CONVERSION = YES;
				CLANG_WARN_DEPRECATED_OBJC_IMPLEMENTATIONS = YES;
				CLANG_WARN_DIRECT_OBJC_ISA_USAGE = YES_ERROR;
				CLANG_WARN_DOCUMENTATION_COMMENTS = YES;
				CLANG_WARN_EMPTY_BODY = YES;
				CLANG_WARN_ENUM_CONVERSION = YES;
				CLANG_WARN_INFINITE_RECURSION = YES;
				CLANG_WARN_INT_CONVERSION = YES;
				CLANG_WARN_NON_LITERAL_NULL_CONVERSION = YES;
				CLANG_WARN_OBJC_IMPLICIT_RETAIN_SELF = YES;
				CLANG_WARN_OBJC_LITERAL_CONVERSION = YES;
				CLANG_WARN_OBJC_ROOT_CLASS = YES_ERROR;
				CLANG_WARN_QUOTED_INCLUDE_IN_FRAMEWORK_HEADER = YES;
				CLANG_WARN_RANGE_LOOP_ANALYSIS = YES;
				CLANG_WARN_STRICT_PROTOTYPES = YES;
				CLANG_WARN_SUSPICIOUS_MOVE = YES;
				CLANG_WARN_UNGUARDED_AVAILABILITY = YES_AGGRESSIVE;
				CLANG_WARN_UNREACHABLE_CODE = YES;
				CLANG_WARN__DUPLICATE_METHOD_MATCH = YES;
				COPY_PHASE_STRIP = NO;
				CURRENT_PROJECT_VERSION = 1;
				DEBUG_INFORMATION_FORMAT = dwarf;
				ENABLE_STRICT_OBJC_MSGSEND = YES;
				ENABLE_TESTABILITY = YES;
				GCC_C_LANGUAGE_STANDARD = gnu11;
				GCC_DYNAMIC_NO_PIC = NO;
				GCC_NO_COMMON_BLOCKS = YES;
				GCC_OPTIMIZATION_LEVEL = 0;
				GCC_PREPROCESSOR_DEFINITIONS = (
					"DEBUG=1",
					"$(inherited)",
				);
				GCC_WARN_64_TO_32_BIT_CONVERSION = YES;
				GCC_WARN_ABOUT_RETURN_TYPE = YES_ERROR;
				GCC_WARN_UNDECLARED_SELECTOR = YES;
				GCC_WARN_UNINITIALIZED_AUTOS = YES_AGGRESSIVE;
				GCC_WARN_UNUSED_FUNCTION = YES;
				GCC_WARN_UNUSED_VARIABLE = YES;
				IPHONEOS_DEPLOYMENT_TARGET = 15.0;
				MTL_ENABLE_DEBUG_INFO = INCLUDE_SOURCE;
				MTL_FAST_MATH = YES;
				ONLY_ACTIVE_ARCH = YES;
				SDKROOT = iphoneos;
				SWIFT_ACTIVE_COMPILATION_CONDITIONS = DEBUG;
				SWIFT_OPTIMIZATION_LEVEL = "-Onone";
				VERSIONING_SYSTEM = "apple-generic";
				VERSION_INFO_PREFIX = "";
			};
			name = Debug;
		};
		8CADA72D2A45D0880005490C /* Release */ = {
			isa = XCBuildConfiguration;
			buildSettings = {
				ALWAYS_SEARCH_USER_PATHS = NO;
				CLANG_ANALYZER_NONNULL = YES;
				CLANG_ANALYZER_NUMBER_OBJECT_CONVERSION = YES_AGGRESSIVE;
				CLANG_CXX_LANGUAGE_STANDARD = "gnu++20";
				CLANG_ENABLE_MODULES = YES;
				CLANG_ENABLE_OBJC_ARC = YES;
				CLANG_ENABLE_OBJC_WEAK = YES;
				CLANG_WARN_BLOCK_CAPTURE_AUTORELEASING = YES;
				CLANG_WARN_BOOL_CONVERSION = YES;
				CLANG_WARN_COMMA = YES;
				CLANG_WARN_CONSTANT_CONVERSION = YES;
				CLANG_WARN_DEPRECATED_OBJC_IMPLEMENTATIONS = YES;
				CLANG_WARN_DIRECT_OBJC_ISA_USAGE = YES_ERROR;
				CLANG_WARN_DOCUMENTATION_COMMENTS = YES;
				CLANG_WARN_EMPTY_BODY = YES;
				CLANG_WARN_ENUM_CONVERSION = YES;
				CLANG_WARN_INFINITE_RECURSION = YES;
				CLANG_WARN_INT_CONVERSION = YES;
				CLANG_WARN_NON_LITERAL_NULL_CONVERSION = YES;
				CLANG_WARN_OBJC_IMPLICIT_RETAIN_SELF = YES;
				CLANG_WARN_OBJC_LITERAL_CONVERSION = YES;
				CLANG_WARN_OBJC_ROOT_CLASS = YES_ERROR;
				CLANG_WARN_QUOTED_INCLUDE_IN_FRAMEWORK_HEADER = YES;
				CLANG_WARN_RANGE_LOOP_ANALYSIS = YES;
				CLANG_WARN_STRICT_PROTOTYPES = YES;
				CLANG_WARN_SUSPICIOUS_MOVE = YES;
				CLANG_WARN_UNGUARDED_AVAILABILITY = YES_AGGRESSIVE;
				CLANG_WARN_UNREACHABLE_CODE = YES;
				CLANG_WARN__DUPLICATE_METHOD_MATCH = YES;
				COPY_PHASE_STRIP = NO;
				CURRENT_PROJECT_VERSION = 1;
				DEBUG_INFORMATION_FORMAT = "dwarf-with-dsym";
				ENABLE_NS_ASSERTIONS = NO;
				ENABLE_STRICT_OBJC_MSGSEND = YES;
				GCC_C_LANGUAGE_STANDARD = gnu11;
				GCC_NO_COMMON_BLOCKS = YES;
				GCC_WARN_64_TO_32_BIT_CONVERSION = YES;
				GCC_WARN_ABOUT_RETURN_TYPE = YES_ERROR;
				GCC_WARN_UNDECLARED_SELECTOR = YES;
				GCC_WARN_UNINITIALIZED_AUTOS = YES_AGGRESSIVE;
				GCC_WARN_UNUSED_FUNCTION = YES;
				GCC_WARN_UNUSED_VARIABLE = YES;
				IPHONEOS_DEPLOYMENT_TARGET = 15.0;
				MTL_ENABLE_DEBUG_INFO = NO;
				MTL_FAST_MATH = YES;
				SDKROOT = iphoneos;
				SWIFT_COMPILATION_MODE = wholemodule;
				SWIFT_OPTIMIZATION_LEVEL = "-O";
				VALIDATE_PRODUCT = YES;
				VERSIONING_SYSTEM = "apple-generic";
				VERSION_INFO_PREFIX = "";
			};
			name = Release;
		};
		8CADA72F2A45D0880005490C /* Debug */ = {
			isa = XCBuildConfiguration;
			buildSettings = {
				CLANG_ENABLE_MODULES = YES;
				CODE_SIGN_STYLE = Automatic;
				CURRENT_PROJECT_VERSION = 1;
				DEFINES_MODULE = YES;
				DYLIB_COMPATIBILITY_VERSION = 1;
				DYLIB_CURRENT_VERSION = 1;
				DYLIB_INSTALL_NAME_BASE = "@rpath";
				ENABLE_MODULE_VERIFIER = YES;
				GENERATE_INFOPLIST_FILE = YES;
				INFOPLIST_KEY_NSHumanReadableCopyright = "";
				INSTALL_PATH = "$(LOCAL_LIBRARY_DIR)/Frameworks";
				LD_RUNPATH_SEARCH_PATHS = (
					"$(inherited)",
					"@executable_path/Frameworks",
					"@loader_path/Frameworks",
				);
				MARKETING_VERSION = 1.0;
				MODULE_VERIFIER_SUPPORTED_LANGUAGES = "objective-c objective-c++";
				MODULE_VERIFIER_SUPPORTED_LANGUAGE_STANDARDS = "gnu11 gnu++20";
				PRODUCT_BUNDLE_IDENTIFIER = com.jw.Common;
				PRODUCT_NAME = "$(TARGET_NAME:c99extidentifier)";
				SKIP_INSTALL = YES;
				SWIFT_EMIT_LOC_STRINGS = YES;
				SWIFT_OPTIMIZATION_LEVEL = "-Onone";
				SWIFT_VERSION = 5.0;
				TARGETED_DEVICE_FAMILY = "1,2";
			};
			name = Debug;
		};
		8CADA7302A45D0880005490C /* Release */ = {
			isa = XCBuildConfiguration;
			buildSettings = {
				CLANG_ENABLE_MODULES = YES;
				CODE_SIGN_STYLE = Automatic;
				CURRENT_PROJECT_VERSION = 1;
				DEFINES_MODULE = YES;
				DYLIB_COMPATIBILITY_VERSION = 1;
				DYLIB_CURRENT_VERSION = 1;
				DYLIB_INSTALL_NAME_BASE = "@rpath";
				ENABLE_MODULE_VERIFIER = YES;
				GENERATE_INFOPLIST_FILE = YES;
				INFOPLIST_KEY_NSHumanReadableCopyright = "";
				INSTALL_PATH = "$(LOCAL_LIBRARY_DIR)/Frameworks";
				LD_RUNPATH_SEARCH_PATHS = (
					"$(inherited)",
					"@executable_path/Frameworks",
					"@loader_path/Frameworks",
				);
				MARKETING_VERSION = 1.0;
				MODULE_VERIFIER_SUPPORTED_LANGUAGES = "objective-c objective-c++";
				MODULE_VERIFIER_SUPPORTED_LANGUAGE_STANDARDS = "gnu11 gnu++20";
				PRODUCT_BUNDLE_IDENTIFIER = com.jw.Common;
				PRODUCT_NAME = "$(TARGET_NAME:c99extidentifier)";
				SKIP_INSTALL = YES;
				SWIFT_EMIT_LOC_STRINGS = YES;
				SWIFT_VERSION = 5.0;
				TARGETED_DEVICE_FAMILY = "1,2";
			};
			name = Release;
		};
		8CADA7322A45D0880005490C /* Debug */ = {
			isa = XCBuildConfiguration;
			buildSettings = {
				ALWAYS_EMBED_SWIFT_STANDARD_LIBRARIES = YES;
				CODE_SIGN_STYLE = Automatic;
				CURRENT_PROJECT_VERSION = 1;
				GENERATE_INFOPLIST_FILE = YES;
				MARKETING_VERSION = 1.0;
				PRODUCT_BUNDLE_IDENTIFIER = com.jw.CommonTests;
				PRODUCT_NAME = "$(TARGET_NAME)";
				SWIFT_EMIT_LOC_STRINGS = NO;
				SWIFT_VERSION = 5.0;
				TARGETED_DEVICE_FAMILY = "1,2";
			};
			name = Debug;
		};
		8CADA7332A45D0880005490C /* Release */ = {
			isa = XCBuildConfiguration;
			buildSettings = {
				ALWAYS_EMBED_SWIFT_STANDARD_LIBRARIES = YES;
				CODE_SIGN_STYLE = Automatic;
				CURRENT_PROJECT_VERSION = 1;
				GENERATE_INFOPLIST_FILE = YES;
				MARKETING_VERSION = 1.0;
				PRODUCT_BUNDLE_IDENTIFIER = com.jw.CommonTests;
				PRODUCT_NAME = "$(TARGET_NAME)";
				SWIFT_EMIT_LOC_STRINGS = NO;
				SWIFT_VERSION = 5.0;
				TARGETED_DEVICE_FAMILY = "1,2";
			};
			name = Release;
		};
/* End XCBuildConfiguration section */

/* Begin XCConfigurationList section */
		8CADA7162A45D0880005490C /* Build configuration list for PBXProject "Common" */ = {
			isa = XCConfigurationList;
			buildConfigurations = (
				8CADA72C2A45D0880005490C /* Debug */,
				8CADA72D2A45D0880005490C /* Release */,
			);
			defaultConfigurationIsVisible = 0;
			defaultConfigurationName = Release;
		};
		8CADA72E2A45D0880005490C /* Build configuration list for PBXNativeTarget "Common" */ = {
			isa = XCConfigurationList;
			buildConfigurations = (
				8CADA72F2A45D0880005490C /* Debug */,
				8CADA7302A45D0880005490C /* Release */,
			);
			defaultConfigurationIsVisible = 0;
			defaultConfigurationName = Release;
		};
		8CADA7312A45D0880005490C /* Build configuration list for PBXNativeTarget "CommonTests" */ = {
			isa = XCConfigurationList;
			buildConfigurations = (
				8CADA7322A45D0880005490C /* Debug */,
				8CADA7332A45D0880005490C /* Release */,
			);
			defaultConfigurationIsVisible = 0;
			defaultConfigurationName = Release;
		};
/* End XCConfigurationList section */
	};
	rootObject = 8CADA7132A45D0880005490C /* Project object */;
}
